github.com/mgilbir/formalis v0.3.1 h1:NyYe/EcRYJ2jUjgaZG98lNXgJ7H+jgy6mq7HXOnQxl8=
github.com/mgilbir/formalis v0.3.1/go.mod h1:M82rAk4SewJbe1B3bhgQKw0w7ojFOHus7Nm1roqZYEk=
github.com/mgilbir/golittlecms v0.0.0-20260727161601-f6af7cfe1556 h1:2ZUsOgMhxpHCYC8jyzeEnJZFLYGbXhqjAJWJBvY8q4U=
github.com/mgilbir/golittlecms v0.0.0-20260727161601-f6af7cfe1556/go.mod h1:8SmvcTVpsTeqGaLqnhlCphGYaBeoeedJQB6AsKNNQxo=
github.com/mgilbir/gopenjpeg v0.0.0-20260727163526-8a139bc479b2 h1:kdDIM4JNxn9gsRk5Zo6mtmcFpBqnl9gTVUwf9t6lIRk=
github.com/mgilbir/gopenjpeg v0.0.0-20260727163526-8a139bc479b2/go.mod h1:J72BFvnlK6fgFlVEtFycG+kbNYLX04tjzVI6eVmDAho=
github.com/mgilbir/pdf0 v0.1.0 h1:rfBK18bcQ4kHQTXBmriAb07TafhG2w1fLflq9lHgaG4=
github.com/mgilbir/pdf0 v0.1.0/go.mod h1:ePtVea4gtSqYy2oNb3xJUwdmQD+5n8GwOwah6nJ9GMw=
github.com/ncruces/go-sqlite3 v0.35.3 h1:Ei07Zv1qfV/vyXzelhFsyS5Oh9TArBZHsmFk14Xv3GY=
github.com/ncruces/go-sqlite3 v0.35.3/go.mod h1:i1rhym/NIiB5xeEfzbN+e24Y+i7NGUpf7C2xZ3Dpwks=
github.com/ncruces/go-sqlite3-wasm/v3 v3.2.35304 h1:5NoQAewtgKNK3G4bjNPxVoGXu6F6NzLXWCTdD5FFAEY=
github.com/ncruces/go-sqlite3-wasm/v3 v3.2.35304/go.mod h1:o8gr9w/50fXA5TDskg6bNUjvqmFfw4KaXth4q+yDSjg=
github.com/ncruces/julianday v1.0.0 h1:fH0OKwa7NWvniGQtxdJRxAgkBMolni2BjDHaWTxqt7M=
github.com/ncruces/julianday v1.0.0/go.mod h1:Dusn2KvZrrovOMJuOt0TNXL6tB7U2E8kvza5fFc9G7g=
golang.org/x/sys v0.47.0 h1:o7XGOvZQCADBQQ4Y7VNq2dRWQR7JmOUW8Kxx4ZsNgWs=
golang.org/x/sys v0.47.0/go.mod h1:4GL1E5IUh+htKOUEOaiffhrAeqysfVGipDYzABqnCmw=
golang.org/x/text v0.40.0 h1:Ub2Z6/xjgF1WrYQz2nuITOEegKFtiIy+rieRJ5lHZKs=
golang.org/x/text v0.40.0/go.mod h1:hpnzDAfGV753zIKo+wk3u1bVKCGPbrnF7+7LBF/UHVY=
